
Microsoft Visual Studio Solution File, Format Version 12.00
# Visual Studio Version 16
VisualStudioVersion = 16.0.30804.86
MinimumVisualStudioVersion = 10.0.40219.1
Project("{2150E333-8FDC-42A3-9474-1A3956D46DE8}") = "0.Solution", "0.Solution", "{9318E4E7-2881-46C4-B975-A056CF56BAD9}"
	ProjectSection(SolutionItems) = preProject
		README.md = README.md
	EndProjectSection
EndProject
Project("{9A19103F-16F7-4668-BE54-9A1E7A4F7556}") = "RacoShop", "RacoShop\RacoShop.csproj", "{E5687311-C93A-4D98-BF5A-731D38FBE3AD}"
EndProject
Project("{9A19103F-16F7-4668-BE54-9A1E7A4F7556}") = "RacoShop.Application", "RacoShop.Application\RacoShop.Application.csproj", "{702334B0-2D20-4875-9AB8-A0860A610B46}"
EndProject
Project("{9A19103F-16F7-4668-BE54-9A1E7A4F7556}") = "RacoShop.Data", "RacoShop.Data\RacoShop.Data.csproj", "{0D0D112E-5AC7-4875-8D65-530DCE2716B7}"
EndProject
Project("{9A19103F-16F7-4668-BE54-9A1E7A4F7556}") = "RacoShop.Utilities", "RacoShop.Utilities\RacoShop.Utilities.csproj", "{0C49F681-7F37-40FD-B388-8D5DA4C1B9CF}"
EndProject
Project("{9A19103F-16F7-4668-BE54-9A1E7A4F7556}") = "RacoShop.ViewModel", "RacoShop.ViewModel\RacoShop.ViewModel.csproj", "{A38DB7E5-5363-411A-8022-6DF304028BFA}"
EndProject
Project("{9A19103F-16F7-4668-BE54-9A1E7A4F7556}") = "RacoShop.BackendApi", "RacoShop.BackendApi\RacoShop.BackendApi.csproj", "{0C3BE7A2-7B41-4FA8-A530-44A5E77D53E6}"
EndProject
Project("{2150E333-8FDC-42A3-9474-1A3956D46DE8}") = "1.Infrastructure", "1.Infrastructure", "{E068E385-6821-49AC-828B-578032F4629F}"
EndProject
Project("{2150E333-8FDC-42A3-9474-1A3956D46DE8}") = "2.Domain", "2.Domain", "{09C5B898-5B5C-463D-82B7-C8D9A138F3EF}"
EndProject
Project("{2150E333-8FDC-42A3-9474-1A3956D46DE8}") = "3.Host", "3.Host", "{D80FBB72-35FA-4694-A6F7-0658726A64F4}"
EndProject
Project("{FAE04EC0-301F-11D3-BF4B-00C04F79EFBC}") = "RacoShop.AdminApp", "RacoShop.AdminApp\RacoShop.AdminApp.csproj", "{6A2B5BEA-5583-447B-8938-BA85DD32882F}"
EndProject
Global
	GlobalSection(SolutionConfigurationPlatforms) = preSolution
		Debug|Any CPU = Debug|Any CPU
		Release|Any CPU = Release|Any CPU
	EndGlobalSection
	GlobalSection(ProjectConfigurationPlatforms) = postSolution
		{E5687311-C93A-4D98-BF5A-731D38FBE3AD}.Debug|Any CPU.ActiveCfg = Debug|Any CPU
		{E5687311-C93A-4D98-BF5A-731D38FBE3AD}.Debug|Any CPU.Build.0 = Debug|Any CPU
		{E5687311-C93A-4D98-BF5A-731D38FBE3AD}.Release|Any CPU.ActiveCfg = Release|Any CPU
		{E5687311-C93A-4D98-BF5A-731D38FBE3AD}.Release|Any CPU.Build.0 = Release|Any CPU
		{702334B0-2D20-4875-9AB8-A0860A610B46}.Debug|Any CPU.ActiveCfg = Debug|Any CPU
		{702334B0-2D20-4875-9AB8-A0860A610B46}.Debug|Any CPU.Build.0 = Debug|Any CPU
		{702334B0-2D20-4875-9AB8-A0860A610B46}.Release|Any CPU.ActiveCfg = Release|Any CPU
		{702334B0-2D20-4875-9AB8-A0860A610B46}.Release|Any CPU.Build.0 = Release|Any CPU
		{0D0D112E-5AC7-4875-8D65-530DCE2716B7}.Debug|Any CPU.ActiveCfg = Debug|Any CPU
		{0D0D112E-5AC7-4875-8D65-530DCE2716B7}.Debug|Any CPU.Build.0 = Debug|Any CPU
		{0D0D112E-5AC7-4875-8D65-530DCE2716B7}.Release|Any CPU.ActiveCfg = Release|Any CPU
		{0D0D112E-5AC7-4875-8D65-530DCE2716B7}.Release|Any CPU.Build.0 = Release|Any CPU
		{0C49F681-7F37-40FD-B388-8D5DA4C1B9CF}.Debug|Any CPU.ActiveCfg = Debug|Any CPU
		{0C49F681-7F37-40FD-B388-8D5DA4C1B9CF}.Debug|Any CPU.Build.0 = Debug|Any CPU
		{0C49F681-7F37-40FD-B388-8D5DA4C1B9CF}.Release|Any CPU.ActiveCfg = Release|Any CPU
		{0C49F681-7F37-40FD-B388-8D5DA4C1B9CF}.Release|Any CPU.Build.0 = Release|Any CPU
		{A38DB7E5-5363-411A-8022-6DF304028BFA}.Debug|Any CPU.ActiveCfg = Debug|Any CPU
		{A38DB7E5-5363-411A-8022-6DF304028BFA}.Debug|Any CPU.Build.0 = Debug|Any CPU
		{A38DB7E5-5363-411A-8022-6DF304028BFA}.Release|Any CPU.ActiveCfg = Release|Any CPU
		{A38DB7E5-5363-411A-8022-6DF304028BFA}.Release|Any CPU.Build.0 = Release|Any CPU
		{0C3BE7A2-7B41-4FA8-A530-44A5E77D53E6}.Debug|Any CPU.ActiveCfg = Debug|Any CPU
		{0C3BE7A2-7B41-4FA8-A530-44A5E77D53E6}.Debug|Any CPU.Build.0 = Debug|Any CPU
		{0C3BE7A2-7B41-4FA8-A530-44A5E77D53E6}.Release|Any CPU.ActiveCfg = Release|Any CPU
		{0C3BE7A2-7B41-4FA8-A530-44A5E77D53E6}.Release|Any CPU.Build.0 = Release|Any CPU
		{6A2B5BEA-5583-447B-8938-BA85DD32882F}.Debug|Any CPU.ActiveCfg = Debug|Any CPU
		{6A2B5BEA-5583-447B-8938-BA85DD32882F}.Debug|Any CPU.Build.0 = Debug|Any CPU
		{6A2B5BEA-5583-447B-8938-BA85DD32882F}.Release|Any CPU.ActiveCfg = Release|Any CPU
		{6A2B5BEA-5583-447B-8938-BA85DD32882F}.Release|Any CPU.Build.0 = Release|Any CPU
	EndGlobalSection
	GlobalSection(SolutionProperties) = preSolution
		HideSolutionNode = FALSE
	EndGlobalSection
	GlobalSection(NestedProjects) = preSolution
		{E5687311-C93A-4D98-BF5A-731D38FBE3AD} = {D80FBB72-35FA-4694-A6F7-0658726A64F4}
		{702334B0-2D20-4875-9AB8-A0860A610B46} = {09C5B898-5B5C-463D-82B7-C8D9A138F3EF}
		{0D0D112E-5AC7-4875-8D65-530DCE2716B7} = {09C5B898-5B5C-463D-82B7-C8D9A138F3EF}
		{0C49F681-7F37-40FD-B388-8D5DA4C1B9CF} = {E068E385-6821-49AC-828B-578032F4629F}
		{A38DB7E5-5363-411A-8022-6DF304028BFA} = {E068E385-6821-49AC-828B-578032F4629F}
		{0C3BE7A2-7B41-4FA8-A530-44A5E77D53E6} = {D80FBB72-35FA-4694-A6F7-0658726A64F4}
		{6A2B5BEA-5583-447B-8938-BA85DD32882F} = {D80FBB72-35FA-4694-A6F7-0658726A64F4}
	EndGlobalSection
	GlobalSection(ExtensibilityGlobals) = postSolution
		SolutionGuid = {DC7871AA-91E8-4E26-BBD8-B4720AD6A8B8}
	EndGlobalSection
EndGlobal
